{
  "name": "Discortics_Docs",
  "version": "0.0.1",
  "lockfileVersion": 1,
  "requires": true,
  "dependencies": {
    "@vuepress/plugin-back-to-top": {
      "version": "1.8.2",
      "resolved": "https://registry.npmjs.org/@vuepress/plugin-back-to-top/-/plugin-back-to-top-1.8.2.tgz",
      "integrity": "sha512-htAf2m8+6cGmYQexWerznGBY10y1E4TBfebYC3Y3wqNjFjvXUmRKcAG/u6Yxvey4OFkQUxbth2ilKi/GlIW8aQ==",
      "dev": true,
      "requires": {
        "lodash.debounce": "^4.0.8"
      }
    },
    "lodash.debounce": {
      "version": "4.0.8",
      "resolved": "https://registry.npmjs.org/lodash.debounce/-/lodash.debounce-4.0.8.tgz",
      "integrity": "sha1-gteb/zCmfEAF/9XiUVMArZyk168=",
      "dev": true
    },
    "vue-click-outside": {
      "version": "1.1.0",
      "resolved": "https://registry.npmjs.org/vue-click-outside/-/vue-click-outside-1.1.0.tgz",
      "integrity": "sha512-pNyvAA9mRXJwPHlHJyjMb4IONSc7khS5lxGcMyE2EIKgNMAO279PWM9Hyq0d5J4FkiSRdmFLwnbjDd5UtPizHQ=="
    },
    "vuepress-theme-yuu": {
      "version": "3.0.1",
      "resolved": "https://registry.npmjs.org/vuepress-theme-yuu/-/vuepress-theme-yuu-3.0.1.tgz",
      "integrity": "sha512-7YYfifha6nkUF0qFDPz66KahZsQpmcfg6pdG+WjbEa27vGSUAl/CGg0Tiaqfv9Z17pi5FCM0MKPEcmoCJjGu7Q==",
      "requires": {
        "vue-click-outside": "^1.1.0"
      }
    }
  }
}
